
Microsoft Visual Studio Solution File, Format Version 12.00
# Visual Studio Express 14 for Windows Desktop
VisualStudioVersion = 14.0.23107.0
MinimumVisualStudioVersion = 10.0.40219.1
Project("{8BC9CEB8-8B4A-11D0-8D11-00A0C91BC942}") = "{{cookiecutter.plugin_name}}", "{{cookiecutter.plugin_name}}\{{cookiecutter.plugin_name}}.vcxproj", "{83062806-4CA9-4CCE-B333-87359C544BAB}"
EndProject
Global
	GlobalSection(SolutionConfigurationPlatforms) = preSolution
		Debug|x64 = Debug|x64
		Release|x64 = Release|x64
	EndGlobalSection
	GlobalSection(ProjectConfigurationPlatforms) = postSolution
		{83062806-4CA9-4CCE-B333-87359C544BAB}.Debug|x64.ActiveCfg = Debug|x64
		{83062806-4CA9-4CCE-B333-87359C544BAB}.Debug|x64.Build.0 = Debug|x64
		{83062806-4CA9-4CCE-B333-87359C544BAB}.Release|x64.ActiveCfg = Release|x64
		{83062806-4CA9-4CCE-B333-87359C544BAB}.Release|x64.Build.0 = Release|x64
	EndGlobalSection
	GlobalSection(SolutionProperties) = preSolution
		HideSolutionNode = FALSE
	EndGlobalSection
EndGlobal
